
Microsoft Visual Studio Solution File, Format Version 12.00
# Visual Studio 15
VisualStudioVersion = 15.0.27428.1
MinimumVisualStudioVersion = 10.0.40219.1
Project("{8BC9CEB8-8B4A-11D0-8D11-00A0C91BC942}") = "C 두번째 과제", "C 두번째 과제\C 두번째 과제.vcxproj", "{FF7612B2-5617-400B-8F01-DED534A6D754}"
EndProject
Global
	GlobalSection(SolutionConfigurationPlatforms) = preSolution
		Debug|x64 = Debug|x64
		Debug|x86 = Debug|x86
		Release|x64 = Release|x64
		Release|x86 = Release|x86
	EndGlobalSection
	GlobalSection(ProjectConfigurationPlatforms) = postSolution
		{FF7612B2-5617-400B-8F01-DED534A6D754}.Debug|x64.ActiveCfg = Debug|x64
		{FF7612B2-5617-400B-8F01-DED534A6D754}.Debug|x64.Build.0 = Debug|x64
		{FF7612B2-5617-400B-8F01-DED534A6D754}.Debug|x86.ActiveCfg = Debug|Win32
		{FF7612B2-5617-400B-8F01-DED534A6D754}.Debug|x86.Build.0 = Debug|Win32
		{FF7612B2-5617-400B-8F01-DED534A6D754}.Release|x64.ActiveCfg = Release|x64
		{FF7612B2-5617-400B-8F01-DED534A6D754}.Release|x64.Build.0 = Release|x64
		{FF7612B2-5617-400B-8F01-DED534A6D754}.Release|x86.ActiveCfg = Release|Win32
		{FF7612B2-5617-400B-8F01-DED534A6D754}.Release|x86.Build.0 = Release|Win32
	EndGlobalSection
	GlobalSection(SolutionProperties) = preSolution
		HideSolutionNode = FALSE
	EndGlobalSection
	GlobalSection(ExtensibilityGlobals) = postSolution
		SolutionGuid = {C4E5FED7-125A-4904-ACD5-443E3F03B695}
	EndGlobalSection
EndGlobal
