
Microsoft Visual Studio Solution File, Format Version 12.00
# Visual Studio 15
VisualStudioVersion = 15.0.28010.2026
MinimumVisualStudioVersion = 10.0.40219.1
Project("{8BC9CEB8-8B4A-11D0-8D11-00A0C91BC942}") = "C 1-2", "C 1-2\C 1-2.vcxproj", "{FF71EE48-E351-43B2-87E0-B380FE485633}"
EndProject
Global
	GlobalSection(SolutionConfigurationPlatforms) = preSolution
		Debug|x64 = Debug|x64
		Debug|x86 = Debug|x86
		Release|x64 = Release|x64
		Release|x86 = Release|x86
	EndGlobalSection
	GlobalSection(ProjectConfigurationPlatforms) = postSolution
		{FF71EE48-E351-43B2-87E0-B380FE485633}.Debug|x64.ActiveCfg = Debug|x64
		{FF71EE48-E351-43B2-87E0-B380FE485633}.Debug|x64.Build.0 = Debug|x64
		{FF71EE48-E351-43B2-87E0-B380FE485633}.Debug|x86.ActiveCfg = Debug|Win32
		{FF71EE48-E351-43B2-87E0-B380FE485633}.Debug|x86.Build.0 = Debug|Win32
		{FF71EE48-E351-43B2-87E0-B380FE485633}.Release|x64.ActiveCfg = Release|x64
		{FF71EE48-E351-43B2-87E0-B380FE485633}.Release|x64.Build.0 = Release|x64
		{FF71EE48-E351-43B2-87E0-B380FE485633}.Release|x86.ActiveCfg = Release|Win32
		{FF71EE48-E351-43B2-87E0-B380FE485633}.Release|x86.Build.0 = Release|Win32
	EndGlobalSection
	GlobalSection(SolutionProperties) = preSolution
		HideSolutionNode = FALSE
	EndGlobalSection
	GlobalSection(ExtensibilityGlobals) = postSolution
		SolutionGuid = {89E39F41-414A-4C66-ADD6-37C145EE8277}
	EndGlobalSection
EndGlobal
